
Microsoft Visual Studio Solution File, Format Version 12.00
# Visual Studio Version 16
VisualStudioVersion = 16.0.30503.244
MinimumVisualStudioVersion = 10.0.40219.1
Project("{FAE04EC0-301F-11D3-BF4B-00C04F79EFBC}") = "BinarySearch", "BinarySearch\BinarySearch.csproj", "{9A09F41B-FA71-4C93-88B2-F4B8DC712874}"
EndProject
Global
	GlobalSection(SolutionConfigurationPlatforms) = preSolution
		Debug|Any CPU = Debug|Any CPU
		Release|Any CPU = Release|Any CPU
	EndGlobalSection
	GlobalSection(ProjectConfigurationPlatforms) = postSolution
		{9A09F41B-FA71-4C93-88B2-F4B8DC712874}.Debug|Any CPU.ActiveCfg = Debug|Any CPU
		{9A09F41B-FA71-4C93-88B2-F4B8DC712874}.Debug|Any CPU.Build.0 = Debug|Any CPU
		{9A09F41B-FA71-4C93-88B2-F4B8DC712874}.Release|Any CPU.ActiveCfg = Release|Any CPU
		{9A09F41B-FA71-4C93-88B2-F4B8DC712874}.Release|Any CPU.Build.0 = Release|Any CPU
	EndGlobalSection
	GlobalSection(SolutionProperties) = preSolution
		HideSolutionNode = FALSE
	EndGlobalSection
	GlobalSection(ExtensibilityGlobals) = postSolution
		SolutionGuid = {69CED1E4-B23B-4D6B-8EDD-5C0C4C9946DD}
	EndGlobalSection
EndGlobal
